// !$*UTF8*$!
{
	archiveVersion = 1;
	classes = {
	};
	objectVersion = 46;
	objects = {

/* Begin PBXBuildFile section */
		4468FD7419827A1500A7175E /* CoreFoundation.framework in Frameworks */ = {isa = PBXBuildFile; fileRef = 4468FD7319827A1500A7175E /* CoreFoundation.framework */; };
		4468FD7A19827A1500A7175E /* InfoPlist.strings in Resources */ = {isa = PBXBuildFile; fileRef = 4468FD7819827A1500A7175E /* InfoPlist.strings */; };
		877F08771AC65B6B001E8C58 /* assetbundle.c in Sources */ = {isa = PBXBuildFile; fileRef = 877F085D1AC65B6B001E8C58 /* assetbundle.c */; };
		877F08781AC65B6B001E8C58 /* assetbundle_diff.c in Sources */ = {isa = PBXBuildFile; fileRef = 877F085F1AC65B6B001E8C58 /* assetbundle_diff.c */; };
		877F08791AC65B6B001E8C58 /* assetfile.c in Sources */ = {isa = PBXBuildFile; fileRef = 877F08631AC65B6B001E8C58 /* assetfile.c */; };
		877F087B1AC65B6B001E8C58 /* filemapping.c in Sources */ = {isa = PBXBuildFile; fileRef = 877F08681AC65B6B001E8C58 /* filemapping.c */; };
		877F087D1AC65B6B001E8C58 /* object_class.c in Sources */ = {isa = PBXBuildFile; fileRef = 877F086B1AC65B6B001E8C58 /* object_class.c */; };
		877F087E1AC65B6B001E8C58 /* tools.c in Sources */ = {isa = PBXBuildFile; fileRef = 877F086D1AC65B6B001E8C58 /* tools.c */; };
		877F087F1AC65B6B001E8C58 /* debug_tree.c in Sources */ = {isa = PBXBuildFile; fileRef = 877F08701AC65B6B001E8C58 /* debug_tree.c */; };
		877F08801AC65B6B001E8C58 /* md5.c in Sources */ = {isa = PBXBuildFile; fileRef = 877F08721AC65B6B001E8C58 /* md5.c */; };
		877F08811AC65B6B001E8C58 /* platform.c in Sources */ = {isa = PBXBuildFile; fileRef = 877F08731AC65B6B001E8C58 /* platform.c */; };
		877F08821AC65B6B001E8C58 /* traversedir.c in Sources */ = {isa = PBXBuildFile; fileRef = 877F08751AC65B6B001E8C58 /* traversedir.c */; };
/* End PBXBuildFile section */

/* Begin PBXFileReference section */
		4468FD7019827A1500A7175E /* AssetBundleParser.bundle */ = {isa = PBXFileReference; explicitFileType = wrapper.cfbundle; includeInIndex = 0; path = AssetBundleParser.bundle; sourceTree = BUILT_PRODUCTS_DIR; };
		4468FD7319827A1500A7175E /* CoreFoundation.framework */ = {isa = PBXFileReference; lastKnownFileType = wrapper.framework; name = CoreFoundation.framework; path = System/Library/Frameworks/CoreFoundation.framework; sourceTree = SDKROOT; };
		4468FD7719827A1500A7175E /* Info.plist */ = {isa = PBXFileReference; lastKnownFileType = text.plist.xml; path = Info.plist; sourceTree = "<group>"; };
		4468FD7919827A1500A7175E /* en */ = {isa = PBXFileReference; lastKnownFileType = text.plist.strings; name = en; path = en.lproj/InfoPlist.strings; sourceTree = "<group>"; };
		4468FD7B19827A1500A7175E /* Prefix.pch */ = {isa = PBXFileReference; lastKnownFileType = sourcecode.c.h; path = Prefix.pch; sourceTree = "<group>"; };
		877F085D1AC65B6B001E8C58 /* assetbundle.c */ = {isa = PBXFileReference; fileEncoding = 4; lastKnownFileType = sourcecode.c.c; path = assetbundle.c; sourceTree = "<group>"; };
		877F085E1AC65B6B001E8C58 /* assetbundle.h */ = {isa = PBXFileReference; fileEncoding = 4; lastKnownFileType = sourcecode.c.h; path = assetbundle.h; sourceTree = "<group>"; };
		877F085F1AC65B6B001E8C58 /* assetbundle_diff.c */ = {isa = PBXFileReference; fileEncoding = 4; lastKnownFileType = sourcecode.c.c; path = assetbundle_diff.c; sourceTree = "<group>"; };
		877F08601AC65B6B001E8C58 /* assetbundle_diff.h */ = {isa = PBXFileReference; fileEncoding = 4; lastKnownFileType = sourcecode.c.h; path = assetbundle_diff.h; sourceTree = "<group>"; };
		877F08611AC65B6B001E8C58 /* assetbundle_diff_imp.h */ = {isa = PBXFileReference; fileEncoding = 4; lastKnownFileType = sourcecode.c.h; path = assetbundle_diff_imp.h; sourceTree = "<group>"; };
		877F08621AC65B6B001E8C58 /* assetbundle_imp.h */ = {isa = PBXFileReference; fileEncoding = 4; lastKnownFileType = sourcecode.c.h; path = assetbundle_imp.h; sourceTree = "<group>"; };
		877F08631AC65B6B001E8C58 /* assetfile.c */ = {isa = PBXFileReference; fileEncoding = 4; lastKnownFileType = sourcecode.c.c; path = assetfile.c; sourceTree = "<group>"; };
		877F08641AC65B6B001E8C58 /* assetfile.h */ = {isa = PBXFileReference; fileEncoding = 4; lastKnownFileType = sourcecode.c.h; path = assetfile.h; sourceTree = "<group>"; };
		877F08651AC65B6B001E8C58 /* assetfile_imp.h */ = {isa = PBXFileReference; fileEncoding = 4; lastKnownFileType = sourcecode.c.h; path = assetfile_imp.h; sourceTree = "<group>"; };
		877F08681AC65B6B001E8C58 /* filemapping.c */ = {isa = PBXFileReference; fileEncoding = 4; lastKnownFileType = sourcecode.c.c; path = filemapping.c; sourceTree = "<group>"; };
		877F08691AC65B6B001E8C58 /* filemapping.h */ = {isa = PBXFileReference; fileEncoding = 4; lastKnownFileType = sourcecode.c.h; path = filemapping.h; sourceTree = "<group>"; };
		877F086B1AC65B6B001E8C58 /* object_class.c */ = {isa = PBXFileReference; fileEncoding = 4; lastKnownFileType = sourcecode.c.c; path = object_class.c; sourceTree = "<group>"; };
		877F086C1AC65B6B001E8C58 /* object_class.h */ = {isa = PBXFileReference; fileEncoding = 4; lastKnownFileType = sourcecode.c.h; path = object_class.h; sourceTree = "<group>"; };
		877F086D1AC65B6B001E8C58 /* tools.c */ = {isa = PBXFileReference; fileEncoding = 4; lastKnownFileType = sourcecode.c.c; path = tools.c; sourceTree = "<group>"; };
		877F086E1AC65B6B001E8C58 /* tools.h */ = {isa = PBXFileReference; fileEncoding = 4; lastKnownFileType = sourcecode.c.h; path = tools.h; sourceTree = "<group>"; };
		877F08701AC65B6B001E8C58 /* debug_tree.c */ = {isa = PBXFileReference; fileEncoding = 4; lastKnownFileType = sourcecode.c.c; path = debug_tree.c; sourceTree = "<group>"; };
		877F08711AC65B6B001E8C58 /* debug_tree.h */ = {isa = PBXFileReference; fileEncoding = 4; lastKnownFileType = sourcecode.c.h; path = debug_tree.h; sourceTree = "<group>"; };
		877F08721AC65B6B001E8C58 /* md5.c */ = {isa = PBXFileReference; fileEncoding = 4; lastKnownFileType = sourcecode.c.c; path = md5.c; sourceTree = "<group>"; };
		877F08731AC65B6B001E8C58 /* platform.c */ = {isa = PBXFileReference; fileEncoding = 4; lastKnownFileType = sourcecode.c.c; path = platform.c; sourceTree = "<group>"; };
		877F08741AC65B6B001E8C58 /* platform.h */ = {isa = PBXFileReference; fileEncoding = 4; lastKnownFileType = sourcecode.c.h; path = platform.h; sourceTree = "<group>"; };
		877F08751AC65B6B001E8C58 /* traversedir.c */ = {isa = PBXFileReference; fileEncoding = 4; lastKnownFileType = sourcecode.c.c; path = traversedir.c; sourceTree = "<group>"; };
		877F08761AC65B6B001E8C58 /* traversedir.h */ = {isa = PBXFileReference; fileEncoding = 4; lastKnownFileType = sourcecode.c.h; path = traversedir.h; sourceTree = "<group>"; };
/* End PBXFileReference section */

/* Begin PBXFrameworksBuildPhase section */
		4468FD6D19827A1500A7175E /* Frameworks */ = {
			isa = PBXFrameworksBuildPhase;
			buildActionMask = 2147483647;
			files = (
				4468FD7419827A1500A7175E /* CoreFoundation.framework in Frameworks */,
			);
			runOnlyForDeploymentPostprocessing = 0;
		};
/* End PBXFrameworksBuildPhase section */

/* Begin PBXGroup section */
		4468FD6719827A1500A7175E = {
			isa = PBXGroup;
			children = (
				4480B8CA19827C1300A54102 /* src */,
				4468FD7619827A1500A7175E /* Supporting Files */,
				4468FD7219827A1500A7175E /* Frameworks */,
				4468FD7119827A1500A7175E /* Products */,
			);
			sourceTree = "<group>";
		};
		4468FD7119827A1500A7175E /* Products */ = {
			isa = PBXGroup;
			children = (
				4468FD7019827A1500A7175E /* AssetBundleParser.bundle */,
			);
			name = Products;
			sourceTree = "<group>";
		};
		4468FD7219827A1500A7175E /* Frameworks */ = {
			isa = PBXGroup;
			children = (
				4468FD7319827A1500A7175E /* CoreFoundation.framework */,
			);
			name = Frameworks;
			sourceTree = "<group>";
		};
		4468FD7619827A1500A7175E /* Supporting Files */ = {
			isa = PBXGroup;
			children = (
				4468FD7719827A1500A7175E /* Info.plist */,
				4468FD7819827A1500A7175E /* InfoPlist.strings */,
				4468FD7B19827A1500A7175E /* Prefix.pch */,
			);
			name = "Supporting Files";
			sourceTree = "<group>";
		};
		4480B8CA19827C1300A54102 /* src */ = {
			isa = PBXGroup;
			children = (
				877F085C1AC65B6B001E8C58 /* AssetBundle */,
			);
			name = src;
			sourceTree = "<group>";
		};
		877F085C1AC65B6B001E8C58 /* AssetBundle */ = {
			isa = PBXGroup;
			children = (
				877F085D1AC65B6B001E8C58 /* assetbundle.c */,
				877F085E1AC65B6B001E8C58 /* assetbundle.h */,
				877F085F1AC65B6B001E8C58 /* assetbundle_diff.c */,
				877F08601AC65B6B001E8C58 /* assetbundle_diff.h */,
				877F08611AC65B6B001E8C58 /* assetbundle_diff_imp.h */,
				877F08621AC65B6B001E8C58 /* assetbundle_imp.h */,
				877F08631AC65B6B001E8C58 /* assetfile.c */,
				877F08641AC65B6B001E8C58 /* assetfile.h */,
				877F08651AC65B6B001E8C58 /* assetfile_imp.h */,
				877F08681AC65B6B001E8C58 /* filemapping.c */,
				877F08691AC65B6B001E8C58 /* filemapping.h */,
				877F086B1AC65B6B001E8C58 /* object_class.c */,
				877F086C1AC65B6B001E8C58 /* object_class.h */,
				877F086D1AC65B6B001E8C58 /* tools.c */,
				877F086E1AC65B6B001E8C58 /* tools.h */,
				877F086F1AC65B6B001E8C58 /* utils */,
			);
			name = AssetBundle;
			path = ../AssetBundle;
			sourceTree = "<group>";
		};
		877F086F1AC65B6B001E8C58 /* utils */ = {
			isa = PBXGroup;
			children = (
				877F08701AC65B6B001E8C58 /* debug_tree.c */,
				877F08711AC65B6B001E8C58 /* debug_tree.h */,
				877F08721AC65B6B001E8C58 /* md5.c */,
				877F08731AC65B6B001E8C58 /* platform.c */,
				877F08741AC65B6B001E8C58 /* platform.h */,
				877F08751AC65B6B001E8C58 /* traversedir.c */,
				877F08761AC65B6B001E8C58 /* traversedir.h */,
			);
			path = utils;
			sourceTree = "<group>";
		};
/* End PBXGroup section */

/* Begin PBXNativeTarget section */
		4468FD6F19827A1500A7175E /* AssetBundleParser */ = {
			isa = PBXNativeTarget;
			buildConfigurationList = 4468FD7E19827A1500A7175E /* Build configuration list for PBXNativeTarget "AssetBundleParser" */;
			buildPhases = (
				4468FD6C19827A1500A7175E /* Sources */,
				4468FD6D19827A1500A7175E /* Frameworks */,
				4468FD6E19827A1500A7175E /* Resources */,
			);
			buildRules = (
			);
			dependencies = (
			);
			name = AssetBundleParser;
			productName = lua;
			productReference = 4468FD7019827A1500A7175E /* AssetBundleParser.bundle */;
			productType = "com.apple.product-type.bundle";
		};
/* End PBXNativeTarget section */

/* Begin PBXProject section */
		4468FD6819827A1500A7175E /* Project object */ = {
			isa = PBXProject;
			attributes = {
				LastUpgradeCheck = 0620;
				ORGANIZATIONNAME = dpull;
			};
			buildConfigurationList = 4468FD6B19827A1500A7175E /* Build configuration list for PBXProject "mac" */;
			compatibilityVersion = "Xcode 3.2";
			developmentRegion = English;
			hasScannedForEncodings = 0;
			knownRegions = (
				en,
			);
			mainGroup = 4468FD6719827A1500A7175E;
			productRefGroup = 4468FD7119827A1500A7175E /* Products */;
			projectDirPath = "";
			projectRoot = "";
			targets = (
				4468FD6F19827A1500A7175E /* AssetBundleParser */,
			);
		};
/* End PBXProject section */

/* Begin PBXResourcesBuildPhase section */
		4468FD6E19827A1500A7175E /* Resources */ = {
			isa = PBXResourcesBuildPhase;
			buildActionMask = 2147483647;
			files = (
				4468FD7A19827A1500A7175E /* InfoPlist.strings in Resources */,
			);
			runOnlyForDeploymentPostprocessing = 0;
		};
/* End PBXResourcesBuildPhase section */

/* Begin PBXSourcesBuildPhase section */
		4468FD6C19827A1500A7175E /* Sources */ = {
			isa = PBXSourcesBuildPhase;
			buildActionMask = 2147483647;
			files = (
				877F08791AC65B6B001E8C58 /* assetfile.c in Sources */,
				877F087E1AC65B6B001E8C58 /* tools.c in Sources */,
				877F087D1AC65B6B001E8C58 /* object_class.c in Sources */,
				877F08771AC65B6B001E8C58 /* assetbundle.c in Sources */,
				877F087F1AC65B6B001E8C58 /* debug_tree.c in Sources */,
				877F08811AC65B6B001E8C58 /* platform.c in Sources */,
				877F08801AC65B6B001E8C58 /* md5.c in Sources */,
				877F08821AC65B6B001E8C58 /* traversedir.c in Sources */,
				877F08781AC65B6B001E8C58 /* assetbundle_diff.c in Sources */,
				877F087B1AC65B6B001E8C58 /* filemapping.c in Sources */,
			);
			runOnlyForDeploymentPostprocessing = 0;
		};
/* End PBXSourcesBuildPhase section */

/* Begin PBXVariantGroup section */
		4468FD7819827A1500A7175E /* InfoPlist.strings */ = {
			isa = PBXVariantGroup;
			children = (
				4468FD7919827A1500A7175E /* en */,
			);
			name = InfoPlist.strings;
			sourceTree = "<group>";
		};
/* End PBXVariantGroup section */

/* Begin XCBuildConfiguration section */
		4468FD7C19827A1500A7175E /* Debug */ = {
			isa = XCBuildConfiguration;
			buildSettings = {
				ALWAYS_SEARCH_USER_PATHS = NO;
				CLANG_CXX_LANGUAGE_STANDARD = "gnu++0x";
				CLANG_CXX_LIBRARY = "libc++";
				CLANG_ENABLE_MODULES = YES;
				CLANG_ENABLE_OBJC_ARC = YES;
				CLANG_WARN_BOOL_CONVERSION = YES;
				CLANG_WARN_CONSTANT_CONVERSION = YES;
				CLANG_WARN_DIRECT_OBJC_ISA_USAGE = YES_ERROR;
				CLANG_WARN_EMPTY_BODY = YES;
				CLANG_WARN_ENUM_CONVERSION = YES;
				CLANG_WARN_INT_CONVERSION = YES;
				CLANG_WARN_OBJC_ROOT_CLASS = YES_ERROR;
				CLANG_WARN__DUPLICATE_METHOD_MATCH = YES;
				COPY_PHASE_STRIP = NO;
				GCC_C_LANGUAGE_STANDARD = gnu99;
				GCC_DYNAMIC_NO_PIC = NO;
				GCC_ENABLE_OBJC_EXCEPTIONS = YES;
				GCC_OPTIMIZATION_LEVEL = 0;
				GCC_PREPROCESSOR_DEFINITIONS = (
					"DEBUG=1",
					"$(inherited)",
				);
				GCC_SYMBOLS_PRIVATE_EXTERN = NO;
				GCC_WARN_64_TO_32_BIT_CONVERSION = YES;
				GCC_WARN_ABOUT_RETURN_TYPE = YES_ERROR;
				GCC_WARN_UNDECLARED_SELECTOR = YES;
				GCC_WARN_UNINITIALIZED_AUTOS = YES_AGGRESSIVE;
				GCC_WARN_UNUSED_FUNCTION = YES;
				GCC_WARN_UNUSED_VARIABLE = YES;
				MACOSX_DEPLOYMENT_TARGET = 10.9;
				ONLY_ACTIVE_ARCH = YES;
				SDKROOT = macosx;
			};
			name = Debug;
		};
		4468FD7D19827A1500A7175E /* Release */ = {
			isa = XCBuildConfiguration;
			buildSettings = {
				ALWAYS_SEARCH_USER_PATHS = NO;
				CLANG_CXX_LANGUAGE_STANDARD = "gnu++0x";
				CLANG_CXX_LIBRARY = "libc++";
				CLANG_ENABLE_MODULES = YES;
				CLANG_ENABLE_OBJC_ARC = YES;
				CLANG_WARN_BOOL_CONVERSION = YES;
				CLANG_WARN_CONSTANT_CONVERSION = YES;
				CLANG_WARN_DIRECT_OBJC_ISA_USAGE = YES_ERROR;
				CLANG_WARN_EMPTY_BODY = YES;
				CLANG_WARN_ENUM_CONVERSION = YES;
				CLANG_WARN_INT_CONVERSION = YES;
				CLANG_WARN_OBJC_ROOT_CLASS = YES_ERROR;
				CLANG_WARN__DUPLICATE_METHOD_MATCH = YES;
				COPY_PHASE_STRIP = YES;
				DEBUG_INFORMATION_FORMAT = "dwarf-with-dsym";
				ENABLE_NS_ASSERTIONS = NO;
				GCC_C_LANGUAGE_STANDARD = gnu99;
				GCC_ENABLE_OBJC_EXCEPTIONS = YES;
				GCC_PREPROCESSOR_DEFINITIONS = "";
				GCC_WARN_64_TO_32_BIT_CONVERSION = YES;
				GCC_WARN_ABOUT_RETURN_TYPE = YES_ERROR;
				GCC_WARN_UNDECLARED_SELECTOR = YES;
				GCC_WARN_UNINITIALIZED_AUTOS = YES_AGGRESSIVE;
				GCC_WARN_UNUSED_FUNCTION = YES;
				GCC_WARN_UNUSED_VARIABLE = YES;
				MACOSX_DEPLOYMENT_TARGET = 10.9;
				SDKROOT = macosx;
			};
			name = Release;
		};
		4468FD7F19827A1500A7175E /* Debug */ = {
			isa = XCBuildConfiguration;
			buildSettings = {
				ARCHS = "$(ARCHS_STANDARD_32_64_BIT)";
				COMBINE_HIDPI_IMAGES = YES;
				GCC_PRECOMPILE_PREFIX_HEADER = YES;
				GCC_PREFIX_HEADER = Prefix.pch;
				INFOPLIST_FILE = Info.plist;
				INSTALL_PATH = "$(SRCROOT)/../Plugins/";
				PRODUCT_NAME = "$(TARGET_NAME)";
				WRAPPER_EXTENSION = bundle;
			};
			name = Debug;
		};
		4468FD8019827A1500A7175E /* Release */ = {
			isa = XCBuildConfiguration;
			buildSettings = {
				ARCHS = "$(ARCHS_STANDARD_32_64_BIT)";
				COMBINE_HIDPI_IMAGES = YES;
				GCC_PRECOMPILE_PREFIX_HEADER = YES;
				GCC_PREFIX_HEADER = Prefix.pch;
				GCC_PREPROCESSOR_DEFINITIONS = "";
				INFOPLIST_FILE = Info.plist;
				INSTALL_PATH = "$(SRCROOT)/../Plugins/";
				PRODUCT_NAME = "$(TARGET_NAME)";
				WRAPPER_EXTENSION = bundle;
			};
			name = Release;
		};
/* End XCBuildConfiguration section */

/* Begin XCConfigurationList section */
		4468FD6B19827A1500A7175E /* Build configuration list for PBXProject "mac" */ = {
			isa = XCConfigurationList;
			buildConfigurations = (
				4468FD7C19827A1500A7175E /* Debug */,
				4468FD7D19827A1500A7175E /* Release */,
			);
			defaultConfigurationIsVisible = 0;
			defaultConfigurationName = Release;
		};
		4468FD7E19827A1500A7175E /* Build configuration list for PBXNativeTarget "AssetBundleParser" */ = {
			isa = XCConfigurationList;
			buildConfigurations = (
				4468FD7F19827A1500A7175E /* Debug */,
				4468FD8019827A1500A7175E /* Release */,
			);
			defaultConfigurationIsVisible = 0;
			defaultConfigurationName = Release;
		};
/* End XCConfigurationList section */
	};
	rootObject = 4468FD6819827A1500A7175E /* Project object */;
}
