// !$*UTF8*$!
{
	archiveVersion = 1;
	classes = {
	};
	objectVersion = 46;
	objects = {

/* Begin PBXBuildFile section */
		4468FD7419827A1500A7175E /* CoreFoundation.framework in Frameworks */ = {isa = PBXBuildFile; fileRef = 4468FD7319827A1500A7175E /* CoreFoundation.framework */; };
		4468FD7A19827A1500A7175E /* InfoPlist.strings in Resources */ = {isa = PBXBuildFile; fileRef = 4468FD7819827A1500A7175E /* InfoPlist.strings */; };
		879648D91A7F5E6300767448 /* assetbundle_diff.c in Sources */ = {isa = PBXBuildFile; fileRef = 879648D31A7F5E6300767448 /* assetbundle_diff.c */; };
		879648DA1A7F5E6300767448 /* assetbundle.c in Sources */ = {isa = PBXBuildFile; fileRef = 879648D41A7F5E6300767448 /* assetbundle.c */; };
		879648DB1A7F5E6300767448 /* assetfile_diff.c in Sources */ = {isa = PBXBuildFile; fileRef = 879648D51A7F5E6300767448 /* assetfile_diff.c */; };
		879648DC1A7F5E6300767448 /* assetfile.c in Sources */ = {isa = PBXBuildFile; fileRef = 879648D61A7F5E6300767448 /* assetfile.c */; };
		879648DD1A7F5E6300767448 /* filemaping.c in Sources */ = {isa = PBXBuildFile; fileRef = 879648D71A7F5E6300767448 /* filemaping.c */; };
		879648DE1A7F5E6300767448 /* tools.c in Sources */ = {isa = PBXBuildFile; fileRef = 879648D81A7F5E6300767448 /* tools.c */; };
		879648E11A7F5E8C00767448 /* debug_tree.c in Sources */ = {isa = PBXBuildFile; fileRef = 879648DF1A7F5E8C00767448 /* debug_tree.c */; };
		879648E21A7F5E8C00767448 /* md5.c in Sources */ = {isa = PBXBuildFile; fileRef = 879648E01A7F5E8C00767448 /* md5.c */; };
/* End PBXBuildFile section */

/* Begin PBXFileReference section */
		4468FD7019827A1500A7175E /* lua.bundle */ = {isa = PBXFileReference; explicitFileType = wrapper.cfbundle; includeInIndex = 0; path = lua.bundle; sourceTree = BUILT_PRODUCTS_DIR; };
		4468FD7319827A1500A7175E /* CoreFoundation.framework */ = {isa = PBXFileReference; lastKnownFileType = wrapper.framework; name = CoreFoundation.framework; path = System/Library/Frameworks/CoreFoundation.framework; sourceTree = SDKROOT; };
		4468FD7719827A1500A7175E /* Info.plist */ = {isa = PBXFileReference; lastKnownFileType = text.plist.xml; path = Info.plist; sourceTree = "<group>"; };
		4468FD7919827A1500A7175E /* en */ = {isa = PBXFileReference; lastKnownFileType = text.plist.strings; name = en; path = en.lproj/InfoPlist.strings; sourceTree = "<group>"; };
		4468FD7B19827A1500A7175E /* Prefix.pch */ = {isa = PBXFileReference; lastKnownFileType = sourcecode.c.h; path = Prefix.pch; sourceTree = "<group>"; };
		879648D31A7F5E6300767448 /* assetbundle_diff.c */ = {isa = PBXFileReference; fileEncoding = 4; lastKnownFileType = sourcecode.c.c; name = assetbundle_diff.c; path = ../AssetBundle/assetbundle_diff.c; sourceTree = "<group>"; };
		879648D41A7F5E6300767448 /* assetbundle.c */ = {isa = PBXFileReference; fileEncoding = 4; lastKnownFileType = sourcecode.c.c; name = assetbundle.c; path = ../AssetBundle/assetbundle.c; sourceTree = "<group>"; };
		879648D51A7F5E6300767448 /* assetfile_diff.c */ = {isa = PBXFileReference; fileEncoding = 4; lastKnownFileType = sourcecode.c.c; name = assetfile_diff.c; path = ../AssetBundle/assetfile_diff.c; sourceTree = "<group>"; };
		879648D61A7F5E6300767448 /* assetfile.c */ = {isa = PBXFileReference; fileEncoding = 4; lastKnownFileType = sourcecode.c.c; name = assetfile.c; path = ../AssetBundle/assetfile.c; sourceTree = "<group>"; };
		879648D71A7F5E6300767448 /* filemaping.c */ = {isa = PBXFileReference; fileEncoding = 4; lastKnownFileType = sourcecode.c.c; name = filemaping.c; path = ../AssetBundle/filemaping.c; sourceTree = "<group>"; };
		879648D81A7F5E6300767448 /* tools.c */ = {isa = PBXFileReference; fileEncoding = 4; lastKnownFileType = sourcecode.c.c; name = tools.c; path = ../AssetBundle/tools.c; sourceTree = "<group>"; };
		879648DF1A7F5E8C00767448 /* debug_tree.c */ = {isa = PBXFileReference; fileEncoding = 4; lastKnownFileType = sourcecode.c.c; name = debug_tree.c; path = ../AssetBundle/utils/debug_tree.c; sourceTree = "<group>"; };
		879648E01A7F5E8C00767448 /* md5.c */ = {isa = PBXFileReference; fileEncoding = 4; lastKnownFileType = sourcecode.c.c; name = md5.c; path = ../AssetBundle/utils/md5.c; sourceTree = "<group>"; };
/* End PBXFileReference section */

/* Begin PBXFrameworksBuildPhase section */
		4468FD6D19827A1500A7175E /* Frameworks */ = {
			isa = PBXFrameworksBuildPhase;
			buildActionMask = 2147483647;
			files = (
				4468FD7419827A1500A7175E /* CoreFoundation.framework in Frameworks */,
			);
			runOnlyForDeploymentPostprocessing = 0;
		};
/* End PBXFrameworksBuildPhase section */

/* Begin PBXGroup section */
		4468FD6719827A1500A7175E = {
			isa = PBXGroup;
			children = (
				4480B8CA19827C1300A54102 /* src */,
				4468FD7619827A1500A7175E /* Supporting Files */,
				4468FD7219827A1500A7175E /* Frameworks */,
				4468FD7119827A1500A7175E /* Products */,
			);
			sourceTree = "<group>";
		};
		4468FD7119827A1500A7175E /* Products */ = {
			isa = PBXGroup;
			children = (
				4468FD7019827A1500A7175E /* lua.bundle */,
			);
			name = Products;
			sourceTree = "<group>";
		};
		4468FD7219827A1500A7175E /* Frameworks */ = {
			isa = PBXGroup;
			children = (
				4468FD7319827A1500A7175E /* CoreFoundation.framework */,
			);
			name = Frameworks;
			sourceTree = "<group>";
		};
		4468FD7619827A1500A7175E /* Supporting Files */ = {
			isa = PBXGroup;
			children = (
				4468FD7719827A1500A7175E /* Info.plist */,
				4468FD7819827A1500A7175E /* InfoPlist.strings */,
				4468FD7B19827A1500A7175E /* Prefix.pch */,
			);
			name = "Supporting Files";
			sourceTree = "<group>";
		};
		4480B8CA19827C1300A54102 /* src */ = {
			isa = PBXGroup;
			children = (
				879648DF1A7F5E8C00767448 /* debug_tree.c */,
				879648E01A7F5E8C00767448 /* md5.c */,
				879648D31A7F5E6300767448 /* assetbundle_diff.c */,
				879648D41A7F5E6300767448 /* assetbundle.c */,
				879648D51A7F5E6300767448 /* assetfile_diff.c */,
				879648D61A7F5E6300767448 /* assetfile.c */,
				879648D71A7F5E6300767448 /* filemaping.c */,
				879648D81A7F5E6300767448 /* tools.c */,
			);
			name = src;
			sourceTree = "<group>";
		};
/* End PBXGroup section */

/* Begin PBXNativeTarget section */
		4468FD6F19827A1500A7175E /* AssetBundleParser */ = {
			isa = PBXNativeTarget;
			buildConfigurationList = 4468FD7E19827A1500A7175E /* Build configuration list for PBXNativeTarget "AssetBundleParser" */;
			buildPhases = (
				4468FD6C19827A1500A7175E /* Sources */,
				4468FD6D19827A1500A7175E /* Frameworks */,
				4468FD6E19827A1500A7175E /* Resources */,
			);
			buildRules = (
			);
			dependencies = (
			);
			name = AssetBundleParser;
			productName = lua;
			productReference = 4468FD7019827A1500A7175E /* lua.bundle */;
			productType = "com.apple.product-type.bundle";
		};
/* End PBXNativeTarget section */

/* Begin PBXProject section */
		4468FD6819827A1500A7175E /* Project object */ = {
			isa = PBXProject;
			attributes = {
				LastUpgradeCheck = 0510;
				ORGANIZATIONNAME = dpull;
			};
			buildConfigurationList = 4468FD6B19827A1500A7175E /* Build configuration list for PBXProject "mac" */;
			compatibilityVersion = "Xcode 3.2";
			developmentRegion = English;
			hasScannedForEncodings = 0;
			knownRegions = (
				en,
			);
			mainGroup = 4468FD6719827A1500A7175E;
			productRefGroup = 4468FD7119827A1500A7175E /* Products */;
			projectDirPath = "";
			projectRoot = "";
			targets = (
				4468FD6F19827A1500A7175E /* AssetBundleParser */,
			);
		};
/* End PBXProject section */

/* Begin PBXResourcesBuildPhase section */
		4468FD6E19827A1500A7175E /* Resources */ = {
			isa = PBXResourcesBuildPhase;
			buildActionMask = 2147483647;
			files = (
				4468FD7A19827A1500A7175E /* InfoPlist.strings in Resources */,
			);
			runOnlyForDeploymentPostprocessing = 0;
		};
/* End PBXResourcesBuildPhase section */

/* Begin PBXSourcesBuildPhase section */
		4468FD6C19827A1500A7175E /* Sources */ = {
			isa = PBXSourcesBuildPhase;
			buildActionMask = 2147483647;
			files = (
				879648DC1A7F5E6300767448 /* assetfile.c in Sources */,
				879648E11A7F5E8C00767448 /* debug_tree.c in Sources */,
				879648DB1A7F5E6300767448 /* assetfile_diff.c in Sources */,
				879648DD1A7F5E6300767448 /* filemaping.c in Sources */,
				879648E21A7F5E8C00767448 /* md5.c in Sources */,
				879648DE1A7F5E6300767448 /* tools.c in Sources */,
				879648DA1A7F5E6300767448 /* assetbundle.c in Sources */,
				879648D91A7F5E6300767448 /* assetbundle_diff.c in Sources */,
			);
			runOnlyForDeploymentPostprocessing = 0;
		};
/* End PBXSourcesBuildPhase section */

/* Begin PBXVariantGroup section */
		4468FD7819827A1500A7175E /* InfoPlist.strings */ = {
			isa = PBXVariantGroup;
			children = (
				4468FD7919827A1500A7175E /* en */,
			);
			name = InfoPlist.strings;
			sourceTree = "<group>";
		};
/* End PBXVariantGroup section */

/* Begin XCBuildConfiguration section */
		4468FD7C19827A1500A7175E /* Debug */ = {
			isa = XCBuildConfiguration;
			buildSettings = {
				ALWAYS_SEARCH_USER_PATHS = NO;
				ARCHS = "$(ARCHS_STANDARD_32_BIT)";
				CLANG_CXX_LANGUAGE_STANDARD = "gnu++0x";
				CLANG_CXX_LIBRARY = "libc++";
				CLANG_ENABLE_MODULES = YES;
				CLANG_ENABLE_OBJC_ARC = YES;
				CLANG_WARN_BOOL_CONVERSION = YES;
				CLANG_WARN_CONSTANT_CONVERSION = YES;
				CLANG_WARN_DIRECT_OBJC_ISA_USAGE = YES_ERROR;
				CLANG_WARN_EMPTY_BODY = YES;
				CLANG_WARN_ENUM_CONVERSION = YES;
				CLANG_WARN_INT_CONVERSION = YES;
				CLANG_WARN_OBJC_ROOT_CLASS = YES_ERROR;
				CLANG_WARN__DUPLICATE_METHOD_MATCH = YES;
				COPY_PHASE_STRIP = NO;
				GCC_C_LANGUAGE_STANDARD = gnu99;
				GCC_DYNAMIC_NO_PIC = NO;
				GCC_ENABLE_OBJC_EXCEPTIONS = YES;
				GCC_OPTIMIZATION_LEVEL = 0;
				GCC_PREPROCESSOR_DEFINITIONS = (
					"DEBUG=1",
					"$(inherited)",
				);
				GCC_SYMBOLS_PRIVATE_EXTERN = NO;
				GCC_WARN_64_TO_32_BIT_CONVERSION = YES;
				GCC_WARN_ABOUT_RETURN_TYPE = YES_ERROR;
				GCC_WARN_UNDECLARED_SELECTOR = YES;
				GCC_WARN_UNINITIALIZED_AUTOS = YES_AGGRESSIVE;
				GCC_WARN_UNUSED_FUNCTION = YES;
				GCC_WARN_UNUSED_VARIABLE = YES;
				MACOSX_DEPLOYMENT_TARGET = 10.9;
				ONLY_ACTIVE_ARCH = YES;
				SDKROOT = macosx;
			};
			name = Debug;
		};
		4468FD7D19827A1500A7175E /* Release */ = {
			isa = XCBuildConfiguration;
			buildSettings = {
				ALWAYS_SEARCH_USER_PATHS = NO;
				ARCHS = "$(ARCHS_STANDARD_32_BIT)";
				CLANG_CXX_LANGUAGE_STANDARD = "gnu++0x";
				CLANG_CXX_LIBRARY = "libc++";
				CLANG_ENABLE_MODULES = YES;
				CLANG_ENABLE_OBJC_ARC = YES;
				CLANG_WARN_BOOL_CONVERSION = YES;
				CLANG_WARN_CONSTANT_CONVERSION = YES;
				CLANG_WARN_DIRECT_OBJC_ISA_USAGE = YES_ERROR;
				CLANG_WARN_EMPTY_BODY = YES;
				CLANG_WARN_ENUM_CONVERSION = YES;
				CLANG_WARN_INT_CONVERSION = YES;
				CLANG_WARN_OBJC_ROOT_CLASS = YES_ERROR;
				CLANG_WARN__DUPLICATE_METHOD_MATCH = YES;
				COPY_PHASE_STRIP = YES;
				DEBUG_INFORMATION_FORMAT = "dwarf-with-dsym";
				ENABLE_NS_ASSERTIONS = NO;
				GCC_C_LANGUAGE_STANDARD = gnu99;
				GCC_ENABLE_OBJC_EXCEPTIONS = YES;
				GCC_PREPROCESSOR_DEFINITIONS = "";
				GCC_WARN_64_TO_32_BIT_CONVERSION = YES;
				GCC_WARN_ABOUT_RETURN_TYPE = YES_ERROR;
				GCC_WARN_UNDECLARED_SELECTOR = YES;
				GCC_WARN_UNINITIALIZED_AUTOS = YES_AGGRESSIVE;
				GCC_WARN_UNUSED_FUNCTION = YES;
				GCC_WARN_UNUSED_VARIABLE = YES;
				MACOSX_DEPLOYMENT_TARGET = 10.9;
				SDKROOT = macosx;
			};
			name = Release;
		};
		4468FD7F19827A1500A7175E /* Debug */ = {
			isa = XCBuildConfiguration;
			buildSettings = {
				COMBINE_HIDPI_IMAGES = YES;
				GCC_PRECOMPILE_PREFIX_HEADER = YES;
				GCC_PREFIX_HEADER = Prefix.pch;
				INFOPLIST_FILE = Info.plist;
				INSTALL_PATH = "$(SRCROOT)/../Plugins/";
				PRODUCT_NAME = "$(TARGET_NAME)";
				WRAPPER_EXTENSION = bundle;
			};
			name = Debug;
		};
		4468FD8019827A1500A7175E /* Release */ = {
			isa = XCBuildConfiguration;
			buildSettings = {
				COMBINE_HIDPI_IMAGES = YES;
				GCC_PRECOMPILE_PREFIX_HEADER = YES;
				GCC_PREFIX_HEADER = Prefix.pch;
				GCC_PREPROCESSOR_DEFINITIONS = "";
				INFOPLIST_FILE = Info.plist;
				INSTALL_PATH = "$(SRCROOT)/../Plugins/";
				PRODUCT_NAME = "$(TARGET_NAME)";
				WRAPPER_EXTENSION = bundle;
			};
			name = Release;
		};
/* End XCBuildConfiguration section */

/* Begin XCConfigurationList section */
		4468FD6B19827A1500A7175E /* Build configuration list for PBXProject "mac" */ = {
			isa = XCConfigurationList;
			buildConfigurations = (
				4468FD7C19827A1500A7175E /* Debug */,
				4468FD7D19827A1500A7175E /* Release */,
			);
			defaultConfigurationIsVisible = 0;
			defaultConfigurationName = Release;
		};
		4468FD7E19827A1500A7175E /* Build configuration list for PBXNativeTarget "AssetBundleParser" */ = {
			isa = XCConfigurationList;
			buildConfigurations = (
				4468FD7F19827A1500A7175E /* Debug */,
				4468FD8019827A1500A7175E /* Release */,
			);
			defaultConfigurationIsVisible = 0;
			defaultConfigurationName = Release;
		};
/* End XCConfigurationList section */
	};
	rootObject = 4468FD6819827A1500A7175E /* Project object */;
}
