<?xml version="1.0" encoding="utf-8"?>
<Project ToolsVersion="4.0" xmlns="http://schemas.microsoft.com/developer/msbuild/2003">
  <ItemGroup>
    <ClCompile Include="AssetBundle\assetbundle.c" />
    <ClCompile Include="AssetBundle\assetfile.c" />
    <ClCompile Include="AssetBundle\main.c" />
    <ClCompile Include="AssetBundle\tools.c" />
    <ClCompile Include="AssetBundle\filemaping.c" />
  </ItemGroup>
  <ItemGroup>
    <ClInclude Include="AssetBundle\assetbundle.h" />
    <ClInclude Include="AssetBundle\assetfile.h" />
    <ClInclude Include="AssetBundle\tools.h" />
    <ClInclude Include="AssetBundle\filemaping.h" />
  </ItemGroup>
</Project>