// !$*UTF8*$!
{
	archiveVersion = 1;
	classes = {
	};
	objectVersion = 46;
	objects = {

/* Begin PBXBuildFile section */
		8727F2E11AC65A8D00238BDA /* assetbundle.c in Sources */ = {isa = PBXBuildFile; fileRef = 8727F2C71AC65A8D00238BDA /* assetbundle.c */; };
		8727F2E21AC65A8D00238BDA /* assetbundle_diff.c in Sources */ = {isa = PBXBuildFile; fileRef = 8727F2C91AC65A8D00238BDA /* assetbundle_diff.c */; };
		8727F2E31AC65A8D00238BDA /* assetfile.c in Sources */ = {isa = PBXBuildFile; fileRef = 8727F2CD1AC65A8D00238BDA /* assetfile.c */; };
		8727F2E51AC65A8D00238BDA /* filemapping.c in Sources */ = {isa = PBXBuildFile; fileRef = 8727F2D21AC65A8D00238BDA /* filemapping.c */; };
		8727F2E71AC65A8D00238BDA /* object_class.c in Sources */ = {isa = PBXBuildFile; fileRef = 8727F2D51AC65A8D00238BDA /* object_class.c */; };
		8727F2E81AC65A8D00238BDA /* tools.c in Sources */ = {isa = PBXBuildFile; fileRef = 8727F2D71AC65A8D00238BDA /* tools.c */; };
		8727F2E91AC65A8D00238BDA /* debug_tree.c in Sources */ = {isa = PBXBuildFile; fileRef = 8727F2DA1AC65A8D00238BDA /* debug_tree.c */; };
		8727F2EA1AC65A8D00238BDA /* md5.c in Sources */ = {isa = PBXBuildFile; fileRef = 8727F2DC1AC65A8D00238BDA /* md5.c */; };
		8727F2EB1AC65A8D00238BDA /* platform.c in Sources */ = {isa = PBXBuildFile; fileRef = 8727F2DD1AC65A8D00238BDA /* platform.c */; };
		8727F2EC1AC65A8D00238BDA /* traversedir.c in Sources */ = {isa = PBXBuildFile; fileRef = 8727F2DF1AC65A8D00238BDA /* traversedir.c */; };
/* End PBXBuildFile section */

/* Begin PBXCopyFilesBuildPhase section */
		44B6889619862F7C005FAD4C /* CopyFiles */ = {
			isa = PBXCopyFilesBuildPhase;
			buildActionMask = 2147483647;
			dstPath = "include/$(PRODUCT_NAME)";
			dstSubfolderSpec = 16;
			files = (
			);
			runOnlyForDeploymentPostprocessing = 0;
		};
/* End PBXCopyFilesBuildPhase section */

/* Begin PBXFileReference section */
		44B6889819862F7C005FAD4C /* libAssetBundleParser.a */ = {isa = PBXFileReference; explicitFileType = archive.ar; includeInIndex = 0; path = libAssetBundleParser.a; sourceTree = BUILT_PRODUCTS_DIR; };
		44FBC5611986346100965453 /* libc.dylib */ = {isa = PBXFileReference; lastKnownFileType = "compiled.mach-o.dylib"; name = libc.dylib; path = usr/lib/libc.dylib; sourceTree = SDKROOT; };
		8727F2C71AC65A8D00238BDA /* assetbundle.c */ = {isa = PBXFileReference; fileEncoding = 4; lastKnownFileType = sourcecode.c.c; path = assetbundle.c; sourceTree = "<group>"; };
		8727F2C81AC65A8D00238BDA /* assetbundle.h */ = {isa = PBXFileReference; fileEncoding = 4; lastKnownFileType = sourcecode.c.h; path = assetbundle.h; sourceTree = "<group>"; };
		8727F2C91AC65A8D00238BDA /* assetbundle_diff.c */ = {isa = PBXFileReference; fileEncoding = 4; lastKnownFileType = sourcecode.c.c; path = assetbundle_diff.c; sourceTree = "<group>"; };
		8727F2CA1AC65A8D00238BDA /* assetbundle_diff.h */ = {isa = PBXFileReference; fileEncoding = 4; lastKnownFileType = sourcecode.c.h; path = assetbundle_diff.h; sourceTree = "<group>"; };
		8727F2CB1AC65A8D00238BDA /* assetbundle_diff_imp.h */ = {isa = PBXFileReference; fileEncoding = 4; lastKnownFileType = sourcecode.c.h; path = assetbundle_diff_imp.h; sourceTree = "<group>"; };
		8727F2CC1AC65A8D00238BDA /* assetbundle_imp.h */ = {isa = PBXFileReference; fileEncoding = 4; lastKnownFileType = sourcecode.c.h; path = assetbundle_imp.h; sourceTree = "<group>"; };
		8727F2CD1AC65A8D00238BDA /* assetfile.c */ = {isa = PBXFileReference; fileEncoding = 4; lastKnownFileType = sourcecode.c.c; path = assetfile.c; sourceTree = "<group>"; };
		8727F2CE1AC65A8D00238BDA /* assetfile.h */ = {isa = PBXFileReference; fileEncoding = 4; lastKnownFileType = sourcecode.c.h; path = assetfile.h; sourceTree = "<group>"; };
		8727F2CF1AC65A8D00238BDA /* assetfile_imp.h */ = {isa = PBXFileReference; fileEncoding = 4; lastKnownFileType = sourcecode.c.h; path = assetfile_imp.h; sourceTree = "<group>"; };
		8727F2D21AC65A8D00238BDA /* filemapping.c */ = {isa = PBXFileReference; fileEncoding = 4; lastKnownFileType = sourcecode.c.c; path = filemapping.c; sourceTree = "<group>"; };
		8727F2D31AC65A8D00238BDA /* filemapping.h */ = {isa = PBXFileReference; fileEncoding = 4; lastKnownFileType = sourcecode.c.h; path = filemapping.h; sourceTree = "<group>"; };
		8727F2D51AC65A8D00238BDA /* object_class.c */ = {isa = PBXFileReference; fileEncoding = 4; lastKnownFileType = sourcecode.c.c; path = object_class.c; sourceTree = "<group>"; };
		8727F2D61AC65A8D00238BDA /* object_class.h */ = {isa = PBXFileReference; fileEncoding = 4; lastKnownFileType = sourcecode.c.h; path = object_class.h; sourceTree = "<group>"; };
		8727F2D71AC65A8D00238BDA /* tools.c */ = {isa = PBXFileReference; fileEncoding = 4; lastKnownFileType = sourcecode.c.c; path = tools.c; sourceTree = "<group>"; };
		8727F2D81AC65A8D00238BDA /* tools.h */ = {isa = PBXFileReference; fileEncoding = 4; lastKnownFileType = sourcecode.c.h; path = tools.h; sourceTree = "<group>"; };
		8727F2DA1AC65A8D00238BDA /* debug_tree.c */ = {isa = PBXFileReference; fileEncoding = 4; lastKnownFileType = sourcecode.c.c; path = debug_tree.c; sourceTree = "<group>"; };
		8727F2DB1AC65A8D00238BDA /* debug_tree.h */ = {isa = PBXFileReference; fileEncoding = 4; lastKnownFileType = sourcecode.c.h; path = debug_tree.h; sourceTree = "<group>"; };
		8727F2DC1AC65A8D00238BDA /* md5.c */ = {isa = PBXFileReference; fileEncoding = 4; lastKnownFileType = sourcecode.c.c; path = md5.c; sourceTree = "<group>"; };
		8727F2DD1AC65A8D00238BDA /* platform.c */ = {isa = PBXFileReference; fileEncoding = 4; lastKnownFileType = sourcecode.c.c; path = platform.c; sourceTree = "<group>"; };
		8727F2DE1AC65A8D00238BDA /* platform.h */ = {isa = PBXFileReference; fileEncoding = 4; lastKnownFileType = sourcecode.c.h; path = platform.h; sourceTree = "<group>"; };
		8727F2DF1AC65A8D00238BDA /* traversedir.c */ = {isa = PBXFileReference; fileEncoding = 4; lastKnownFileType = sourcecode.c.c; path = traversedir.c; sourceTree = "<group>"; };
		8727F2E01AC65A8D00238BDA /* traversedir.h */ = {isa = PBXFileReference; fileEncoding = 4; lastKnownFileType = sourcecode.c.h; path = traversedir.h; sourceTree = "<group>"; };
/* End PBXFileReference section */

/* Begin PBXFrameworksBuildPhase section */
		44B6889519862F7C005FAD4C /* Frameworks */ = {
			isa = PBXFrameworksBuildPhase;
			buildActionMask = 2147483647;
			files = (
			);
			runOnlyForDeploymentPostprocessing = 0;
		};
/* End PBXFrameworksBuildPhase section */

/* Begin PBXGroup section */
		44B6888F19862F7C005FAD4C = {
			isa = PBXGroup;
			children = (
				44FBC50A198633C900965453 /* src */,
				44B6889A19862F7C005FAD4C /* Frameworks */,
				44B6889919862F7C005FAD4C /* Products */,
			);
			sourceTree = "<group>";
		};
		44B6889919862F7C005FAD4C /* Products */ = {
			isa = PBXGroup;
			children = (
				44B6889819862F7C005FAD4C /* libAssetBundleParser.a */,
			);
			name = Products;
			sourceTree = "<group>";
		};
		44B6889A19862F7C005FAD4C /* Frameworks */ = {
			isa = PBXGroup;
			children = (
				44FBC5611986346100965453 /* libc.dylib */,
			);
			name = Frameworks;
			sourceTree = "<group>";
		};
		44FBC50A198633C900965453 /* src */ = {
			isa = PBXGroup;
			children = (
				8727F2C61AC65A8D00238BDA /* AssetBundle */,
			);
			name = src;
			sourceTree = "<group>";
		};
		8727F2C61AC65A8D00238BDA /* AssetBundle */ = {
			isa = PBXGroup;
			children = (
				8727F2C71AC65A8D00238BDA /* assetbundle.c */,
				8727F2C81AC65A8D00238BDA /* assetbundle.h */,
				8727F2C91AC65A8D00238BDA /* assetbundle_diff.c */,
				8727F2CA1AC65A8D00238BDA /* assetbundle_diff.h */,
				8727F2CB1AC65A8D00238BDA /* assetbundle_diff_imp.h */,
				8727F2CC1AC65A8D00238BDA /* assetbundle_imp.h */,
				8727F2CD1AC65A8D00238BDA /* assetfile.c */,
				8727F2CE1AC65A8D00238BDA /* assetfile.h */,
				8727F2CF1AC65A8D00238BDA /* assetfile_imp.h */,
				8727F2D21AC65A8D00238BDA /* filemapping.c */,
				8727F2D31AC65A8D00238BDA /* filemapping.h */,
				8727F2D51AC65A8D00238BDA /* object_class.c */,
				8727F2D61AC65A8D00238BDA /* object_class.h */,
				8727F2D71AC65A8D00238BDA /* tools.c */,
				8727F2D81AC65A8D00238BDA /* tools.h */,
				8727F2D91AC65A8D00238BDA /* utils */,
			);
			name = AssetBundle;
			path = ../AssetBundle;
			sourceTree = "<group>";
		};
		8727F2D91AC65A8D00238BDA /* utils */ = {
			isa = PBXGroup;
			children = (
				8727F2DA1AC65A8D00238BDA /* debug_tree.c */,
				8727F2DB1AC65A8D00238BDA /* debug_tree.h */,
				8727F2DC1AC65A8D00238BDA /* md5.c */,
				8727F2DD1AC65A8D00238BDA /* platform.c */,
				8727F2DE1AC65A8D00238BDA /* platform.h */,
				8727F2DF1AC65A8D00238BDA /* traversedir.c */,
				8727F2E01AC65A8D00238BDA /* traversedir.h */,
			);
			path = utils;
			sourceTree = "<group>";
		};
/* End PBXGroup section */

/* Begin PBXNativeTarget section */
		44B6889719862F7C005FAD4C /* AssetBundleParser */ = {
			isa = PBXNativeTarget;
			buildConfigurationList = 44B688BB19862F7C005FAD4C /* Build configuration list for PBXNativeTarget "AssetBundleParser" */;
			buildPhases = (
				44B6889419862F7C005FAD4C /* Sources */,
				44B6889519862F7C005FAD4C /* Frameworks */,
				44B6889619862F7C005FAD4C /* CopyFiles */,
			);
			buildRules = (
			);
			dependencies = (
			);
			name = AssetBundleParser;
			productName = lua;
			productReference = 44B6889819862F7C005FAD4C /* libAssetBundleParser.a */;
			productType = "com.apple.product-type.library.static";
		};
/* End PBXNativeTarget section */

/* Begin PBXProject section */
		44B6889019862F7C005FAD4C /* Project object */ = {
			isa = PBXProject;
			attributes = {
				LastUpgradeCheck = 0510;
				ORGANIZATIONNAME = dpull;
			};
			buildConfigurationList = 44B6889319862F7C005FAD4C /* Build configuration list for PBXProject "ios" */;
			compatibilityVersion = "Xcode 3.2";
			developmentRegion = English;
			hasScannedForEncodings = 0;
			knownRegions = (
				en,
			);
			mainGroup = 44B6888F19862F7C005FAD4C;
			productRefGroup = 44B6889919862F7C005FAD4C /* Products */;
			projectDirPath = "";
			projectRoot = "";
			targets = (
				44B6889719862F7C005FAD4C /* AssetBundleParser */,
			);
		};
/* End PBXProject section */

/* Begin PBXSourcesBuildPhase section */
		44B6889419862F7C005FAD4C /* Sources */ = {
			isa = PBXSourcesBuildPhase;
			buildActionMask = 2147483647;
			files = (
				8727F2E31AC65A8D00238BDA /* assetfile.c in Sources */,
				8727F2E81AC65A8D00238BDA /* tools.c in Sources */,
				8727F2E71AC65A8D00238BDA /* object_class.c in Sources */,
				8727F2E11AC65A8D00238BDA /* assetbundle.c in Sources */,
				8727F2E91AC65A8D00238BDA /* debug_tree.c in Sources */,
				8727F2EB1AC65A8D00238BDA /* platform.c in Sources */,
				8727F2EA1AC65A8D00238BDA /* md5.c in Sources */,
				8727F2EC1AC65A8D00238BDA /* traversedir.c in Sources */,
				8727F2E21AC65A8D00238BDA /* assetbundle_diff.c in Sources */,
				8727F2E51AC65A8D00238BDA /* filemapping.c in Sources */,
			);
			runOnlyForDeploymentPostprocessing = 0;
		};
/* End PBXSourcesBuildPhase section */

/* Begin XCBuildConfiguration section */
		44B688B919862F7C005FAD4C /* Debug */ = {
			isa = XCBuildConfiguration;
			buildSettings = {
				ALWAYS_SEARCH_USER_PATHS = NO;
				CLANG_CXX_LANGUAGE_STANDARD = "gnu++0x";
				CLANG_CXX_LIBRARY = "libc++";
				CLANG_ENABLE_MODULES = YES;
				CLANG_ENABLE_OBJC_ARC = YES;
				CLANG_WARN_BOOL_CONVERSION = YES;
				CLANG_WARN_CONSTANT_CONVERSION = YES;
				CLANG_WARN_DIRECT_OBJC_ISA_USAGE = YES_ERROR;
				CLANG_WARN_EMPTY_BODY = YES;
				CLANG_WARN_ENUM_CONVERSION = YES;
				CLANG_WARN_INT_CONVERSION = YES;
				CLANG_WARN_OBJC_ROOT_CLASS = YES_ERROR;
				CLANG_WARN__DUPLICATE_METHOD_MATCH = YES;
				COPY_PHASE_STRIP = NO;
				GCC_C_LANGUAGE_STANDARD = gnu99;
				GCC_DYNAMIC_NO_PIC = NO;
				GCC_OPTIMIZATION_LEVEL = 0;
				GCC_PREPROCESSOR_DEFINITIONS = (
					"DEBUG=1",
					"$(inherited)",
				);
				GCC_SYMBOLS_PRIVATE_EXTERN = NO;
				GCC_WARN_64_TO_32_BIT_CONVERSION = YES;
				GCC_WARN_ABOUT_RETURN_TYPE = YES_ERROR;
				GCC_WARN_UNDECLARED_SELECTOR = YES;
				GCC_WARN_UNINITIALIZED_AUTOS = YES_AGGRESSIVE;
				GCC_WARN_UNUSED_FUNCTION = YES;
				GCC_WARN_UNUSED_VARIABLE = YES;
				IPHONEOS_DEPLOYMENT_TARGET = 7.1;
				ONLY_ACTIVE_ARCH = YES;
				SDKROOT = iphoneos;
			};
			name = Debug;
		};
		44B688BA19862F7C005FAD4C /* Release */ = {
			isa = XCBuildConfiguration;
			buildSettings = {
				ALWAYS_SEARCH_USER_PATHS = NO;
				CLANG_CXX_LANGUAGE_STANDARD = "gnu++0x";
				CLANG_CXX_LIBRARY = "libc++";
				CLANG_ENABLE_MODULES = YES;
				CLANG_ENABLE_OBJC_ARC = YES;
				CLANG_WARN_BOOL_CONVERSION = YES;
				CLANG_WARN_CONSTANT_CONVERSION = YES;
				CLANG_WARN_DIRECT_OBJC_ISA_USAGE = YES_ERROR;
				CLANG_WARN_EMPTY_BODY = YES;
				CLANG_WARN_ENUM_CONVERSION = YES;
				CLANG_WARN_INT_CONVERSION = YES;
				CLANG_WARN_OBJC_ROOT_CLASS = YES_ERROR;
				CLANG_WARN__DUPLICATE_METHOD_MATCH = YES;
				COPY_PHASE_STRIP = YES;
				ENABLE_NS_ASSERTIONS = NO;
				GCC_C_LANGUAGE_STANDARD = gnu99;
				GCC_PREPROCESSOR_DEFINITIONS = "";
				GCC_WARN_64_TO_32_BIT_CONVERSION = YES;
				GCC_WARN_ABOUT_RETURN_TYPE = YES_ERROR;
				GCC_WARN_UNDECLARED_SELECTOR = YES;
				GCC_WARN_UNINITIALIZED_AUTOS = YES_AGGRESSIVE;
				GCC_WARN_UNUSED_FUNCTION = YES;
				GCC_WARN_UNUSED_VARIABLE = YES;
				IPHONEOS_DEPLOYMENT_TARGET = 7.1;
				SDKROOT = iphoneos;
				VALIDATE_PRODUCT = YES;
			};
			name = Release;
		};
		44B688BC19862F7C005FAD4C /* Debug */ = {
			isa = XCBuildConfiguration;
			buildSettings = {
				DSTROOT = /tmp/AssetBundleParser.dst;
				GCC_PRECOMPILE_PREFIX_HEADER = NO;
				GCC_PREFIX_HEADER = "";
				GCC_PREPROCESSOR_DEFINITIONS = (
					"DEBUG=1",
					"$(inherited)",
				);
				OTHER_LDFLAGS = "-ObjC";
				PRODUCT_NAME = "$(TARGET_NAME)";
				SKIP_INSTALL = YES;
			};
			name = Debug;
		};
		44B688BD19862F7C005FAD4C /* Release */ = {
			isa = XCBuildConfiguration;
			buildSettings = {
				DSTROOT = /tmp/AssetBundleParser.dst;
				GCC_PRECOMPILE_PREFIX_HEADER = NO;
				GCC_PREFIX_HEADER = "";
				GCC_PREPROCESSOR_DEFINITIONS = "";
				OTHER_LDFLAGS = "-ObjC";
				PRODUCT_NAME = "$(TARGET_NAME)";
				SKIP_INSTALL = YES;
			};
			name = Release;
		};
/* End XCBuildConfiguration section */

/* Begin XCConfigurationList section */
		44B6889319862F7C005FAD4C /* Build configuration list for PBXProject "ios" */ = {
			isa = XCConfigurationList;
			buildConfigurations = (
				44B688B919862F7C005FAD4C /* Debug */,
				44B688BA19862F7C005FAD4C /* Release */,
			);
			defaultConfigurationIsVisible = 0;
			defaultConfigurationName = Release;
		};
		44B688BB19862F7C005FAD4C /* Build configuration list for PBXNativeTarget "AssetBundleParser" */ = {
			isa = XCConfigurationList;
			buildConfigurations = (
				44B688BC19862F7C005FAD4C /* Debug */,
				44B688BD19862F7C005FAD4C /* Release */,
			);
			defaultConfigurationIsVisible = 0;
			defaultConfigurationName = Release;
		};
/* End XCConfigurationList section */
	};
	rootObject = 44B6889019862F7C005FAD4C /* Project object */;
}
