// !$*UTF8*$!
{
	archiveVersion = 1;
	classes = {
	};
	objectVersion = 46;
	objects = {

/* Begin PBXBuildFile section */
		87096FDA1A6A4C4600409D52 /* filemapping.c in Sources */ = {isa = PBXBuildFile; fileRef = 87096FD81A6A4C4600409D52 /* filemapping.c */; };
		8731B89A1AAEC92E00045628 /* field_type.c in Sources */ = {isa = PBXBuildFile; fileRef = 8731B8991AAEC92E00045628 /* field_type.c */; };
		874C1E9B1A69026600EB9999 /* assetfile.c in Sources */ = {isa = PBXBuildFile; fileRef = 874C1E991A69026600EB9999 /* assetfile.c */; };
		874EBDE21AC65A38001B6AF8 /* platform.c in Sources */ = {isa = PBXBuildFile; fileRef = 874EBDE11AC65A38001B6AF8 /* platform.c */; };
		8769BB0B1A67C7F4000BFF71 /* main.c in Sources */ = {isa = PBXBuildFile; fileRef = 8769BB0A1A67C7F4000BFF71 /* main.c */; };
		8769BB131A67E491000BFF71 /* assetbundle.c in Sources */ = {isa = PBXBuildFile; fileRef = 8769BB111A67E491000BFF71 /* assetbundle.c */; };
		8774AFEA1A70B64B0040BB8B /* md5.c in Sources */ = {isa = PBXBuildFile; fileRef = 8774AFE91A70B64B0040BB8B /* md5.c */; };
		8774AFF11A722F240040BB8B /* debug_tree.c in Sources */ = {isa = PBXBuildFile; fileRef = 8774AFEE1A722F240040BB8B /* debug_tree.c */; };
		87A0227F1AAFF1350008438E /* object_class.c in Sources */ = {isa = PBXBuildFile; fileRef = 87A0227D1AAFF1350008438E /* object_class.c */; };
		87B29DF21A68E2670099584F /* tools.c in Sources */ = {isa = PBXBuildFile; fileRef = 87B29DF01A68E2670099584F /* tools.c */; };
		87DC4BCB1AAAFCFF00317403 /* traversedir.c in Sources */ = {isa = PBXBuildFile; fileRef = 87DC4BC91AAAFCFF00317403 /* traversedir.c */; };
		87FCD5E91A70978700E67100 /* assetbundle_diff.c in Sources */ = {isa = PBXBuildFile; fileRef = 87FCD5E31A70978700E67100 /* assetbundle_diff.c */; };
/* End PBXBuildFile section */

/* Begin PBXCopyFilesBuildPhase section */
		8769BB051A67C7F4000BFF71 /* CopyFiles */ = {
			isa = PBXCopyFilesBuildPhase;
			buildActionMask = 2147483647;
			dstPath = /usr/share/man/man1/;
			dstSubfolderSpec = 0;
			files = (
			);
			runOnlyForDeploymentPostprocessing = 1;
		};
/* End PBXCopyFilesBuildPhase section */

/* Begin PBXFileReference section */
		87096FD81A6A4C4600409D52 /* filemapping.c */ = {isa = PBXFileReference; fileEncoding = 4; lastKnownFileType = sourcecode.c.c; path = filemapping.c; sourceTree = "<group>"; };
		87096FD91A6A4C4600409D52 /* filemapping.h */ = {isa = PBXFileReference; fileEncoding = 4; lastKnownFileType = sourcecode.c.h; path = filemapping.h; sourceTree = "<group>"; };
		871022E51AC3B08E003451E2 /* assetbundle_diff_imp.h */ = {isa = PBXFileReference; fileEncoding = 4; lastKnownFileType = sourcecode.c.h; path = assetbundle_diff_imp.h; sourceTree = "<group>"; };
		8731B8981AAEC92D00045628 /* field_type.h */ = {isa = PBXFileReference; fileEncoding = 4; lastKnownFileType = sourcecode.c.h; path = field_type.h; sourceTree = "<group>"; };
		8731B8991AAEC92E00045628 /* field_type.c */ = {isa = PBXFileReference; fileEncoding = 4; lastKnownFileType = sourcecode.c.c; path = field_type.c; sourceTree = "<group>"; };
		874C1E991A69026600EB9999 /* assetfile.c */ = {isa = PBXFileReference; fileEncoding = 4; lastKnownFileType = sourcecode.c.c; path = assetfile.c; sourceTree = "<group>"; };
		874C1E9A1A69026600EB9999 /* assetfile.h */ = {isa = PBXFileReference; fileEncoding = 4; lastKnownFileType = sourcecode.c.h; path = assetfile.h; sourceTree = "<group>"; };
		874EBDE11AC65A38001B6AF8 /* platform.c */ = {isa = PBXFileReference; fileEncoding = 4; lastKnownFileType = sourcecode.c.c; path = platform.c; sourceTree = "<group>"; };
		8769BB071A67C7F4000BFF71 /* AssetBundle */ = {isa = PBXFileReference; explicitFileType = "compiled.mach-o.executable"; includeInIndex = 0; path = AssetBundle; sourceTree = BUILT_PRODUCTS_DIR; };
		8769BB0A1A67C7F4000BFF71 /* main.c */ = {isa = PBXFileReference; lastKnownFileType = sourcecode.c.c; path = main.c; sourceTree = "<group>"; };
		8769BB111A67E491000BFF71 /* assetbundle.c */ = {isa = PBXFileReference; fileEncoding = 4; lastKnownFileType = sourcecode.c.c; path = assetbundle.c; sourceTree = "<group>"; };
		8769BB121A67E491000BFF71 /* assetbundle.h */ = {isa = PBXFileReference; fileEncoding = 4; lastKnownFileType = sourcecode.c.h; path = assetbundle.h; sourceTree = "<group>"; };
		8774AFE91A70B64B0040BB8B /* md5.c */ = {isa = PBXFileReference; fileEncoding = 4; lastKnownFileType = sourcecode.c.c; path = md5.c; sourceTree = "<group>"; };
		8774AFEE1A722F240040BB8B /* debug_tree.c */ = {isa = PBXFileReference; fileEncoding = 4; lastKnownFileType = sourcecode.c.c; path = debug_tree.c; sourceTree = "<group>"; };
		8774AFEF1A722F240040BB8B /* debug_tree.h */ = {isa = PBXFileReference; fileEncoding = 4; lastKnownFileType = sourcecode.c.h; path = debug_tree.h; sourceTree = "<group>"; };
		8774AFF01A722F240040BB8B /* platform.h */ = {isa = PBXFileReference; fileEncoding = 4; lastKnownFileType = sourcecode.c.h; path = platform.h; sourceTree = "<group>"; };
		87A0227D1AAFF1350008438E /* object_class.c */ = {isa = PBXFileReference; fileEncoding = 4; lastKnownFileType = sourcecode.c.c; path = object_class.c; sourceTree = "<group>"; };
		87A0227E1AAFF1350008438E /* object_class.h */ = {isa = PBXFileReference; fileEncoding = 4; lastKnownFileType = sourcecode.c.h; path = object_class.h; sourceTree = "<group>"; };
		87B29DF01A68E2670099584F /* tools.c */ = {isa = PBXFileReference; fileEncoding = 4; lastKnownFileType = sourcecode.c.c; path = tools.c; sourceTree = "<group>"; };
		87B29DF11A68E2670099584F /* tools.h */ = {isa = PBXFileReference; fileEncoding = 4; lastKnownFileType = sourcecode.c.h; path = tools.h; sourceTree = "<group>"; };
		87DC4BC91AAAFCFF00317403 /* traversedir.c */ = {isa = PBXFileReference; fileEncoding = 4; lastKnownFileType = sourcecode.c.c; path = traversedir.c; sourceTree = "<group>"; };
		87DC4BCC1AAAFFD100317403 /* traversedir.h */ = {isa = PBXFileReference; fileEncoding = 4; lastKnownFileType = sourcecode.c.h; path = traversedir.h; sourceTree = "<group>"; };
		87FCD5E31A70978700E67100 /* assetbundle_diff.c */ = {isa = PBXFileReference; fileEncoding = 4; lastKnownFileType = sourcecode.c.c; path = assetbundle_diff.c; sourceTree = "<group>"; };
		87FCD5E41A70978700E67100 /* assetbundle_diff.h */ = {isa = PBXFileReference; fileEncoding = 4; lastKnownFileType = sourcecode.c.h; path = assetbundle_diff.h; sourceTree = "<group>"; };
		87FCD5E51A70978700E67100 /* assetbundle_imp.h */ = {isa = PBXFileReference; fileEncoding = 4; lastKnownFileType = sourcecode.c.h; path = assetbundle_imp.h; sourceTree = "<group>"; };
		87FCD5E81A70978700E67100 /* assetfile_imp.h */ = {isa = PBXFileReference; fileEncoding = 4; lastKnownFileType = sourcecode.c.h; path = assetfile_imp.h; sourceTree = "<group>"; };
/* End PBXFileReference section */

/* Begin PBXFrameworksBuildPhase section */
		8769BB041A67C7F4000BFF71 /* Frameworks */ = {
			isa = PBXFrameworksBuildPhase;
			buildActionMask = 2147483647;
			files = (
			);
			runOnlyForDeploymentPostprocessing = 0;
		};
/* End PBXFrameworksBuildPhase section */

/* Begin PBXGroup section */
		8769BAFE1A67C7F4000BFF71 = {
			isa = PBXGroup;
			children = (
				8769BB091A67C7F4000BFF71 /* AssetBundle */,
				8769BB081A67C7F4000BFF71 /* Products */,
			);
			sourceTree = "<group>";
		};
		8769BB081A67C7F4000BFF71 /* Products */ = {
			isa = PBXGroup;
			children = (
				8769BB071A67C7F4000BFF71 /* AssetBundle */,
			);
			name = Products;
			sourceTree = "<group>";
		};
		8769BB091A67C7F4000BFF71 /* AssetBundle */ = {
			isa = PBXGroup;
			children = (
				871022E51AC3B08E003451E2 /* assetbundle_diff_imp.h */,
				87FCD5E31A70978700E67100 /* assetbundle_diff.c */,
				87FCD5E41A70978700E67100 /* assetbundle_diff.h */,
				87FCD5E51A70978700E67100 /* assetbundle_imp.h */,
				8769BB111A67E491000BFF71 /* assetbundle.c */,
				8769BB121A67E491000BFF71 /* assetbundle.h */,
				87FCD5E81A70978700E67100 /* assetfile_imp.h */,
				874C1E991A69026600EB9999 /* assetfile.c */,
				874C1E9A1A69026600EB9999 /* assetfile.h */,
				8731B8991AAEC92E00045628 /* field_type.c */,
				8731B8981AAEC92D00045628 /* field_type.h */,
				87096FD81A6A4C4600409D52 /* filemapping.c */,
				87096FD91A6A4C4600409D52 /* filemapping.h */,
				8769BB0A1A67C7F4000BFF71 /* main.c */,
				87A0227D1AAFF1350008438E /* object_class.c */,
				87A0227E1AAFF1350008438E /* object_class.h */,
				87B29DF01A68E2670099584F /* tools.c */,
				87B29DF11A68E2670099584F /* tools.h */,
				8774AFE81A70B64B0040BB8B /* utils */,
			);
			path = AssetBundle;
			sourceTree = "<group>";
		};
		8774AFE81A70B64B0040BB8B /* utils */ = {
			isa = PBXGroup;
			children = (
				8774AFEE1A722F240040BB8B /* debug_tree.c */,
				8774AFEF1A722F240040BB8B /* debug_tree.h */,
				8774AFE91A70B64B0040BB8B /* md5.c */,
				874EBDE11AC65A38001B6AF8 /* platform.c */,
				8774AFF01A722F240040BB8B /* platform.h */,
				87DC4BC91AAAFCFF00317403 /* traversedir.c */,
				87DC4BCC1AAAFFD100317403 /* traversedir.h */,
			);
			path = utils;
			sourceTree = "<group>";
		};
/* End PBXGroup section */

/* Begin PBXNativeTarget section */
		8769BB061A67C7F4000BFF71 /* AssetBundle */ = {
			isa = PBXNativeTarget;
			buildConfigurationList = 8769BB0E1A67C7F4000BFF71 /* Build configuration list for PBXNativeTarget "AssetBundle" */;
			buildPhases = (
				8769BB031A67C7F4000BFF71 /* Sources */,
				8769BB041A67C7F4000BFF71 /* Frameworks */,
				8769BB051A67C7F4000BFF71 /* CopyFiles */,
			);
			buildRules = (
			);
			dependencies = (
			);
			name = AssetBundle;
			productName = AssetBundle;
			productReference = 8769BB071A67C7F4000BFF71 /* AssetBundle */;
			productType = "com.apple.product-type.tool";
		};
/* End PBXNativeTarget section */

/* Begin PBXProject section */
		8769BAFF1A67C7F4000BFF71 /* Project object */ = {
			isa = PBXProject;
			attributes = {
				LastUpgradeCheck = 0610;
				ORGANIZATIONNAME = dpull;
				TargetAttributes = {
					8769BB061A67C7F4000BFF71 = {
						CreatedOnToolsVersion = 6.1.1;
					};
				};
			};
			buildConfigurationList = 8769BB021A67C7F4000BFF71 /* Build configuration list for PBXProject "AssetBundle" */;
			compatibilityVersion = "Xcode 3.2";
			developmentRegion = English;
			hasScannedForEncodings = 0;
			knownRegions = (
				en,
			);
			mainGroup = 8769BAFE1A67C7F4000BFF71;
			productRefGroup = 8769BB081A67C7F4000BFF71 /* Products */;
			projectDirPath = "";
			projectRoot = "";
			targets = (
				8769BB061A67C7F4000BFF71 /* AssetBundle */,
			);
		};
/* End PBXProject section */

/* Begin PBXSourcesBuildPhase section */
		8769BB031A67C7F4000BFF71 /* Sources */ = {
			isa = PBXSourcesBuildPhase;
			buildActionMask = 2147483647;
			files = (
				87FCD5E91A70978700E67100 /* assetbundle_diff.c in Sources */,
				874C1E9B1A69026600EB9999 /* assetfile.c in Sources */,
				87B29DF21A68E2670099584F /* tools.c in Sources */,
				8774AFF11A722F240040BB8B /* debug_tree.c in Sources */,
				87DC4BCB1AAAFCFF00317403 /* traversedir.c in Sources */,
				8731B89A1AAEC92E00045628 /* field_type.c in Sources */,
				87A0227F1AAFF1350008438E /* object_class.c in Sources */,
				8774AFEA1A70B64B0040BB8B /* md5.c in Sources */,
				874EBDE21AC65A38001B6AF8 /* platform.c in Sources */,
				87096FDA1A6A4C4600409D52 /* filemapping.c in Sources */,
				8769BB131A67E491000BFF71 /* assetbundle.c in Sources */,
				8769BB0B1A67C7F4000BFF71 /* main.c in Sources */,
			);
			runOnlyForDeploymentPostprocessing = 0;
		};
/* End PBXSourcesBuildPhase section */

/* Begin XCBuildConfiguration section */
		8769BB0C1A67C7F4000BFF71 /* Debug */ = {
			isa = XCBuildConfiguration;
			buildSettings = {
				ALWAYS_SEARCH_USER_PATHS = NO;
				CLANG_CXX_LANGUAGE_STANDARD = "gnu++0x";
				CLANG_CXX_LIBRARY = "libc++";
				CLANG_ENABLE_MODULES = YES;
				CLANG_ENABLE_OBJC_ARC = YES;
				CLANG_WARN_BOOL_CONVERSION = YES;
				CLANG_WARN_CONSTANT_CONVERSION = YES;
				CLANG_WARN_DIRECT_OBJC_ISA_USAGE = YES_ERROR;
				CLANG_WARN_EMPTY_BODY = YES;
				CLANG_WARN_ENUM_CONVERSION = YES;
				CLANG_WARN_INT_CONVERSION = YES;
				CLANG_WARN_OBJC_ROOT_CLASS = YES_ERROR;
				CLANG_WARN_UNREACHABLE_CODE = YES;
				CLANG_WARN__DUPLICATE_METHOD_MATCH = YES;
				COPY_PHASE_STRIP = NO;
				ENABLE_STRICT_OBJC_MSGSEND = YES;
				GCC_C_LANGUAGE_STANDARD = gnu99;
				GCC_DYNAMIC_NO_PIC = NO;
				GCC_OPTIMIZATION_LEVEL = 0;
				GCC_PREPROCESSOR_DEFINITIONS = (
					"DEBUG=1",
					"$(inherited)",
				);
				GCC_SYMBOLS_PRIVATE_EXTERN = NO;
				GCC_WARN_64_TO_32_BIT_CONVERSION = YES;
				GCC_WARN_ABOUT_RETURN_TYPE = YES_ERROR;
				GCC_WARN_UNDECLARED_SELECTOR = YES;
				GCC_WARN_UNINITIALIZED_AUTOS = YES_AGGRESSIVE;
				GCC_WARN_UNUSED_FUNCTION = YES;
				GCC_WARN_UNUSED_VARIABLE = YES;
				MACOSX_DEPLOYMENT_TARGET = 10.10;
				MTL_ENABLE_DEBUG_INFO = YES;
				ONLY_ACTIVE_ARCH = YES;
				SDKROOT = macosx;
			};
			name = Debug;
		};
		8769BB0D1A67C7F4000BFF71 /* Release */ = {
			isa = XCBuildConfiguration;
			buildSettings = {
				ALWAYS_SEARCH_USER_PATHS = NO;
				CLANG_CXX_LANGUAGE_STANDARD = "gnu++0x";
				CLANG_CXX_LIBRARY = "libc++";
				CLANG_ENABLE_MODULES = YES;
				CLANG_ENABLE_OBJC_ARC = YES;
				CLANG_WARN_BOOL_CONVERSION = YES;
				CLANG_WARN_CONSTANT_CONVERSION = YES;
				CLANG_WARN_DIRECT_OBJC_ISA_USAGE = YES_ERROR;
				CLANG_WARN_EMPTY_BODY = YES;
				CLANG_WARN_ENUM_CONVERSION = YES;
				CLANG_WARN_INT_CONVERSION = YES;
				CLANG_WARN_OBJC_ROOT_CLASS = YES_ERROR;
				CLANG_WARN_UNREACHABLE_CODE = YES;
				CLANG_WARN__DUPLICATE_METHOD_MATCH = YES;
				COPY_PHASE_STRIP = YES;
				DEBUG_INFORMATION_FORMAT = "dwarf-with-dsym";
				ENABLE_NS_ASSERTIONS = NO;
				ENABLE_STRICT_OBJC_MSGSEND = YES;
				GCC_C_LANGUAGE_STANDARD = gnu99;
				GCC_WARN_64_TO_32_BIT_CONVERSION = YES;
				GCC_WARN_ABOUT_RETURN_TYPE = YES_ERROR;
				GCC_WARN_UNDECLARED_SELECTOR = YES;
				GCC_WARN_UNINITIALIZED_AUTOS = YES_AGGRESSIVE;
				GCC_WARN_UNUSED_FUNCTION = YES;
				GCC_WARN_UNUSED_VARIABLE = YES;
				MACOSX_DEPLOYMENT_TARGET = 10.10;
				MTL_ENABLE_DEBUG_INFO = NO;
				SDKROOT = macosx;
			};
			name = Release;
		};
		8769BB0F1A67C7F4000BFF71 /* Debug */ = {
			isa = XCBuildConfiguration;
			buildSettings = {
				PRODUCT_NAME = "$(TARGET_NAME)";
			};
			name = Debug;
		};
		8769BB101A67C7F4000BFF71 /* Release */ = {
			isa = XCBuildConfiguration;
			buildSettings = {
				PRODUCT_NAME = "$(TARGET_NAME)";
			};
			name = Release;
		};
/* End XCBuildConfiguration section */

/* Begin XCConfigurationList section */
		8769BB021A67C7F4000BFF71 /* Build configuration list for PBXProject "AssetBundle" */ = {
			isa = XCConfigurationList;
			buildConfigurations = (
				8769BB0C1A67C7F4000BFF71 /* Debug */,
				8769BB0D1A67C7F4000BFF71 /* Release */,
			);
			defaultConfigurationIsVisible = 0;
			defaultConfigurationName = Release;
		};
		8769BB0E1A67C7F4000BFF71 /* Build configuration list for PBXNativeTarget "AssetBundle" */ = {
			isa = XCConfigurationList;
			buildConfigurations = (
				8769BB0F1A67C7F4000BFF71 /* Debug */,
				8769BB101A67C7F4000BFF71 /* Release */,
			);
			defaultConfigurationIsVisible = 0;
			defaultConfigurationName = Release;
		};
/* End XCConfigurationList section */
	};
	rootObject = 8769BAFF1A67C7F4000BFF71 /* Project object */;
}
