<?xml version="1.0" encoding="utf-8"?>
<Project ToolsVersion="4.0" xmlns="http://schemas.microsoft.com/developer/msbuild/2003">
  <ItemGroup>
    <Filter Include="src">
      <UniqueIdentifier>{4b10beac-0a69-450d-a1c4-999e0ce7f1cf}</UniqueIdentifier>
    </Filter>
  </ItemGroup>
  <ItemGroup>
    <ClCompile Include="..\AssetBundle\assetbundle.c">
      <Filter>src</Filter>
    </ClCompile>
    <ClCompile Include="..\AssetBundle\assetbundle_diff.c">
      <Filter>src</Filter>
    </ClCompile>
    <ClCompile Include="..\AssetBundle\assetfile.c">
      <Filter>src</Filter>
    </ClCompile>
    <ClCompile Include="..\AssetBundle\assetfile_diff.c">
      <Filter>src</Filter>
    </ClCompile>
    <ClCompile Include="..\AssetBundle\filemaping.c">
      <Filter>src</Filter>
    </ClCompile>
    <ClCompile Include="..\AssetBundle\tools.c">
      <Filter>src</Filter>
    </ClCompile>
    <ClCompile Include="..\AssetBundle\utils\debug_tree.c">
      <Filter>src</Filter>
    </ClCompile>
    <ClCompile Include="..\AssetBundle\utils\md5.c">
      <Filter>src</Filter>
    </ClCompile>
  </ItemGroup>
</Project>